
Microsoft Visual Studio Solution File, Format Version 12.00
# Visual Studio Version 16
VisualStudioVersion = 16.0.30104.148
MinimumVisualStudioVersion = 10.0.40219.1
Project("{FAE04EC0-301F-11D3-BF4B-00C04F79EFBC}") = "DatabaseFirst", "DatabaseFirst\DatabaseFirst.csproj", "{F86ED4BB-362E-4EB0-BF2E-F025A0FA1977}"
EndProject
Global
	GlobalSection(SolutionConfigurationPlatforms) = preSolution
		Debug|Any CPU = Debug|Any CPU
		Release|Any CPU = Release|Any CPU
	EndGlobalSection
	GlobalSection(ProjectConfigurationPlatforms) = postSolution
		{F86ED4BB-362E-4EB0-BF2E-F025A0FA1977}.Debug|Any CPU.ActiveCfg = Debug|Any CPU
		{F86ED4BB-362E-4EB0-BF2E-F025A0FA1977}.Debug|Any CPU.Build.0 = Debug|Any CPU
		{F86ED4BB-362E-4EB0-BF2E-F025A0FA1977}.Release|Any CPU.ActiveCfg = Release|Any CPU
		{F86ED4BB-362E-4EB0-BF2E-F025A0FA1977}.Release|Any CPU.Build.0 = Release|Any CPU
	EndGlobalSection
	GlobalSection(SolutionProperties) = preSolution
		HideSolutionNode = FALSE
	EndGlobalSection
	GlobalSection(ExtensibilityGlobals) = postSolution
		SolutionGuid = {9C8F6BE2-6AC0-4B57-917A-2A6487A65AC5}
	EndGlobalSection
EndGlobal
